Microsoft Visual Studio Solution File, Format Version 11.00
# Visual Studio 2008

Project("{9FF94440-C416-705E-1FA5-5EA24CE28BB9}") = "UFO game", "Assembly-CSharp.csproj", "{8EFA593B-F726-D2CA-F28D-6496F9A90AC6}"
EndProject
Global
	GlobalSection(SolutionConfigurationPlatforms) = preSolution
		Debug|Any CPU = Debug|Any CPU
		Release|Any CPU = Release|Any CPU
	EndGlobalSection
	GlobalSection(ProjectConfigurationPlatforms) = postSolution
		{8EFA593B-F726-D2CA-F28D-6496F9A90AC6}.Debug|Any CPU.ActiveCfg = Debug|Any CPU
		{8EFA593B-F726-D2CA-F28D-6496F9A90AC6}.Debug|Any CPU.Build.0 = Debug|Any CPU
		{8EFA593B-F726-D2CA-F28D-6496F9A90AC6}.Release|Any CPU.ActiveCfg = Release|Any CPU
		{8EFA593B-F726-D2CA-F28D-6496F9A90AC6}.Release|Any CPU.Build.0 = Release|Any CPU
	EndGlobalSection
	GlobalSection(SolutionProperties) = preSolution
		HideSolutionNode = FALSE
	EndGlobalSection
	GlobalSection(MonoDevelopProperties) = preSolution
		StartupItem = Assembly-CSharp.csproj
	EndGlobalSection
EndGlobal
